
Microsoft Visual Studio Solution File, Format Version 12.00
# Visual Studio 15
VisualStudioVersion = 15.0.27004.2005
MinimumVisualStudioVersion = 10.0.40219.1
Project("{FAE04EC0-301F-11D3-BF4B-00C04F79EFBC}") = "01.CountWorkingDays", "01.CountWorkingDays\01.CountWorkingDays.csproj", "{68822F9F-9848-46F7-80E0-54A008AEC284}"
EndProject
Project("{FAE04EC0-301F-11D3-BF4B-00C04F79EFBC}") = "02.AdMessage", "02.AdMessage\02.AdMessage.csproj", "{BB00FCD9-414E-4828-9723-038694CC47C1}"
EndProject
Project("{FAE04EC0-301F-11D3-BF4B-00C04F79EFBC}") = "03.IntersectionCircles", "03.IntersectionCircles\03.IntersectionCircles.csproj", "{BB6FF33B-AF1E-4AB9-A3DF-BD2985AFB29F}"
EndProject
Project("{FAE04EC0-301F-11D3-BF4B-00C04F79EFBC}") = "04.AverageGrades", "04.AverageGrades\04.AverageGrades.csproj", "{169E5423-BAD8-44B1-BDDA-88055A43CA2C}"
EndProject
Project("{FAE04EC0-301F-11D3-BF4B-00C04F79EFBC}") = "05.BookLibrary", "05.BookLibrary\05.BookLibrary.csproj", "{46DAF96F-A454-4BC0-B5DF-66E4C21A3726}"
EndProject
Project("{FAE04EC0-301F-11D3-BF4B-00C04F79EFBC}") = "06.BookLibModif", "06.BookLibModif\06.BookLibModif.csproj", "{41BE7AD2-7613-48FD-9887-F4865AE96A82}"
EndProject
Project("{FAE04EC0-301F-11D3-BF4B-00C04F79EFBC}") = "07.AndreyBilliard", "07.AndreyBilliard\07.AndreyBilliard.csproj", "{4E1F8904-13DB-4E9B-B38A-FA85689204D2}"
EndProject
Project("{FAE04EC0-301F-11D3-BF4B-00C04F79EFBC}") = "08.MentorGroup", "08.MentorGroup\08.MentorGroup.csproj", "{F2AA283D-E0F1-42A1-8FD1-5B9148F75D5B}"
EndProject
Project("{FAE04EC0-301F-11D3-BF4B-00C04F79EFBC}") = "09.TeamworkProjects", "09.TeamworkProjects\09.TeamworkProjects.csproj", "{ABFBB223-17FC-4F97-8A9C-ECE58277BD23}"
EndProject
Project("{FAE04EC0-301F-11D3-BF4B-00C04F79EFBC}") = "10.StudentsGroups", "10.StudentsGroups\10.StudentsGroups.csproj", "{A45E9F34-EFEC-46B4-ACE0-38656899D647}"
EndProject
Global
	GlobalSection(SolutionConfigurationPlatforms) = preSolution
		Debug|Any CPU = Debug|Any CPU
		Release|Any CPU = Release|Any CPU
	EndGlobalSection
	GlobalSection(ProjectConfigurationPlatforms) = postSolution
		{68822F9F-9848-46F7-80E0-54A008AEC284}.Debug|Any CPU.ActiveCfg = Debug|Any CPU
		{68822F9F-9848-46F7-80E0-54A008AEC284}.Debug|Any CPU.Build.0 = Debug|Any CPU
		{68822F9F-9848-46F7-80E0-54A008AEC284}.Release|Any CPU.ActiveCfg = Release|Any CPU
		{68822F9F-9848-46F7-80E0-54A008AEC284}.Release|Any CPU.Build.0 = Release|Any CPU
		{BB00FCD9-414E-4828-9723-038694CC47C1}.Debug|Any CPU.ActiveCfg = Debug|Any CPU
		{BB00FCD9-414E-4828-9723-038694CC47C1}.Debug|Any CPU.Build.0 = Debug|Any CPU
		{BB00FCD9-414E-4828-9723-038694CC47C1}.Release|Any CPU.ActiveCfg = Release|Any CPU
		{BB00FCD9-414E-4828-9723-038694CC47C1}.Release|Any CPU.Build.0 = Release|Any CPU
		{BB6FF33B-AF1E-4AB9-A3DF-BD2985AFB29F}.Debug|Any CPU.ActiveCfg = Debug|Any CPU
		{BB6FF33B-AF1E-4AB9-A3DF-BD2985AFB29F}.Debug|Any CPU.Build.0 = Debug|Any CPU
		{BB6FF33B-AF1E-4AB9-A3DF-BD2985AFB29F}.Release|Any CPU.ActiveCfg = Release|Any CPU
		{BB6FF33B-AF1E-4AB9-A3DF-BD2985AFB29F}.Release|Any CPU.Build.0 = Release|Any CPU
		{169E5423-BAD8-44B1-BDDA-88055A43CA2C}.Debug|Any CPU.ActiveCfg = Debug|Any CPU
		{169E5423-BAD8-44B1-BDDA-88055A43CA2C}.Debug|Any CPU.Build.0 = Debug|Any CPU
		{169E5423-BAD8-44B1-BDDA-88055A43CA2C}.Release|Any CPU.ActiveCfg = Release|Any CPU
		{169E5423-BAD8-44B1-BDDA-88055A43CA2C}.Release|Any CPU.Build.0 = Release|Any CPU
		{46DAF96F-A454-4BC0-B5DF-66E4C21A3726}.Debug|Any CPU.ActiveCfg = Debug|Any CPU
		{46DAF96F-A454-4BC0-B5DF-66E4C21A3726}.Debug|Any CPU.Build.0 = Debug|Any CPU
		{46DAF96F-A454-4BC0-B5DF-66E4C21A3726}.Release|Any CPU.ActiveCfg = Release|Any CPU
		{46DAF96F-A454-4BC0-B5DF-66E4C21A3726}.Release|Any CPU.Build.0 = Release|Any CPU
		{41BE7AD2-7613-48FD-9887-F4865AE96A82}.Debug|Any CPU.ActiveCfg = Debug|Any CPU
		{41BE7AD2-7613-48FD-9887-F4865AE96A82}.Debug|Any CPU.Build.0 = Debug|Any CPU
		{41BE7AD2-7613-48FD-9887-F4865AE96A82}.Release|Any CPU.ActiveCfg = Release|Any CPU
		{41BE7AD2-7613-48FD-9887-F4865AE96A82}.Release|Any CPU.Build.0 = Release|Any CPU
		{4E1F8904-13DB-4E9B-B38A-FA85689204D2}.Debug|Any CPU.ActiveCfg = Debug|Any CPU
		{4E1F8904-13DB-4E9B-B38A-FA85689204D2}.Debug|Any CPU.Build.0 = Debug|Any CPU
		{4E1F8904-13DB-4E9B-B38A-FA85689204D2}.Release|Any CPU.ActiveCfg = Release|Any CPU
		{4E1F8904-13DB-4E9B-B38A-FA85689204D2}.Release|Any CPU.Build.0 = Release|Any CPU
		{F2AA283D-E0F1-42A1-8FD1-5B9148F75D5B}.Debug|Any CPU.ActiveCfg = Debug|Any CPU
		{F2AA283D-E0F1-42A1-8FD1-5B9148F75D5B}.Debug|Any CPU.Build.0 = Debug|Any CPU
		{F2AA283D-E0F1-42A1-8FD1-5B9148F75D5B}.Release|Any CPU.ActiveCfg = Release|Any CPU
		{F2AA283D-E0F1-42A1-8FD1-5B9148F75D5B}.Release|Any CPU.Build.0 = Release|Any CPU
		{ABFBB223-17FC-4F97-8A9C-ECE58277BD23}.Debug|Any CPU.ActiveCfg = Debug|Any CPU
		{ABFBB223-17FC-4F97-8A9C-ECE58277BD23}.Debug|Any CPU.Build.0 = Debug|Any CPU
		{ABFBB223-17FC-4F97-8A9C-ECE58277BD23}.Release|Any CPU.ActiveCfg = Release|Any CPU
		{ABFBB223-17FC-4F97-8A9C-ECE58277BD23}.Release|Any CPU.Build.0 = Release|Any CPU
		{A45E9F34-EFEC-46B4-ACE0-38656899D647}.Debug|Any CPU.ActiveCfg = Debug|Any CPU
		{A45E9F34-EFEC-46B4-ACE0-38656899D647}.Debug|Any CPU.Build.0 = Debug|Any CPU
		{A45E9F34-EFEC-46B4-ACE0-38656899D647}.Release|Any CPU.ActiveCfg = Release|Any CPU
		{A45E9F34-EFEC-46B4-ACE0-38656899D647}.Release|Any CPU.Build.0 = Release|Any CPU
	EndGlobalSection
	GlobalSection(SolutionProperties) = preSolution
		HideSolutionNode = FALSE
	EndGlobalSection
	GlobalSection(ExtensibilityGlobals) = postSolution
		SolutionGuid = {6732DB47-4108-4D97-8DB5-E48C24A7E5D6}
	EndGlobalSection
EndGlobal
