
Microsoft Visual Studio Solution File, Format Version 12.00
# Visual Studio 14
VisualStudioVersion = 14.0.25420.1
MinimumVisualStudioVersion = 10.0.40219.1
Project("{FAE04EC0-301F-11D3-BF4B-00C04F79EFBC}") = "T1", "T1\T1.csproj", "{AE918FFD-1E84-46E5-A2E8-1E3D52D7A18B}"
EndProject
Project("{FAE04EC0-301F-11D3-BF4B-00C04F79EFBC}") = "T2", "T2\T2.csproj", "{470BAA96-B4AB-4E5E-8B38-EDF577D4D396}"
EndProject
Project("{FAE04EC0-301F-11D3-BF4B-00C04F79EFBC}") = "T3", "T3_Restaurant_discount\T3.csproj", "{679740EE-4AAD-412E-9E14-8796F11C3815}"
EndProject
Project("{FAE04EC0-301F-11D3-BF4B-00C04F79EFBC}") = "T10", "T10\T10.csproj", "{08A32FCF-D410-4240-A7A9-494356CAE1E5}"
EndProject
Project("{FAE04EC0-301F-11D3-BF4B-00C04F79EFBC}") = "T9", "T9\T9.csproj", "{7D81CDF9-0A96-4121-A1EC-24A6E33EE6B2}"
EndProject
Project("{FAE04EC0-301F-11D3-BF4B-00C04F79EFBC}") = "T4", "T4\T4.csproj", "{515EB3AC-75CC-4511-A331-A545ECB4F3DD}"
EndProject
Project("{FAE04EC0-301F-11D3-BF4B-00C04F79EFBC}") = "T6", "T6\T6.csproj", "{0B272328-7B13-41A9-A385-690621B456B3}"
EndProject
Project("{FAE04EC0-301F-11D3-BF4B-00C04F79EFBC}") = "T7", "T7\T7.csproj", "{731DDA15-A952-4C3A-A5FE-AEEF2239786A}"
EndProject
Project("{FAE04EC0-301F-11D3-BF4B-00C04F79EFBC}") = "T8", "T8\T8.csproj", "{6C545ECB-E3E3-495F-AE2D-80362E48CB01}"
EndProject
Project("{FAE04EC0-301F-11D3-BF4B-00C04F79EFBC}") = "T5", "T5\T5.csproj", "{BB81F4C2-FFF7-4225-9F5C-AFA6DD8FBF28}"
EndProject
Project("{FAE04EC0-301F-11D3-BF4B-00C04F79EFBC}") = "T11", "T11\T11.csproj", "{4E4C0A58-B53B-448F-9E4C-4F031393388A}"
EndProject
Project("{FAE04EC0-301F-11D3-BF4B-00C04F79EFBC}") = "T12", "T12\T12.csproj", "{1CF97204-39C7-48BB-98BF-CA8F3CEC1C7F}"
EndProject
Project("{FAE04EC0-301F-11D3-BF4B-00C04F79EFBC}") = "T13", "T13\T13.csproj", "{D36AE2EB-8B75-4686-8F72-082EF4A82231}"
EndProject
Project("{FAE04EC0-301F-11D3-BF4B-00C04F79EFBC}") = "T14", "T14\T14.csproj", "{23CE1B20-6733-4F16-ACD4-176BBAEC5559}"
EndProject
Project("{FAE04EC0-301F-11D3-BF4B-00C04F79EFBC}") = "T15", "T15\T15.csproj", "{1010E153-3915-4875-92E9-C4A263E9A79A}"
EndProject
Global
	GlobalSection(SolutionConfigurationPlatforms) = preSolution
		Debug|Any CPU = Debug|Any CPU
		Release|Any CPU = Release|Any CPU
	EndGlobalSection
	GlobalSection(ProjectConfigurationPlatforms) = postSolution
		{AE918FFD-1E84-46E5-A2E8-1E3D52D7A18B}.Debug|Any CPU.ActiveCfg = Debug|Any CPU
		{AE918FFD-1E84-46E5-A2E8-1E3D52D7A18B}.Debug|Any CPU.Build.0 = Debug|Any CPU
		{AE918FFD-1E84-46E5-A2E8-1E3D52D7A18B}.Release|Any CPU.ActiveCfg = Release|Any CPU
		{AE918FFD-1E84-46E5-A2E8-1E3D52D7A18B}.Release|Any CPU.Build.0 = Release|Any CPU
		{470BAA96-B4AB-4E5E-8B38-EDF577D4D396}.Debug|Any CPU.ActiveCfg = Debug|Any CPU
		{470BAA96-B4AB-4E5E-8B38-EDF577D4D396}.Debug|Any CPU.Build.0 = Debug|Any CPU
		{470BAA96-B4AB-4E5E-8B38-EDF577D4D396}.Release|Any CPU.ActiveCfg = Release|Any CPU
		{470BAA96-B4AB-4E5E-8B38-EDF577D4D396}.Release|Any CPU.Build.0 = Release|Any CPU
		{679740EE-4AAD-412E-9E14-8796F11C3815}.Debug|Any CPU.ActiveCfg = Debug|Any CPU
		{679740EE-4AAD-412E-9E14-8796F11C3815}.Debug|Any CPU.Build.0 = Debug|Any CPU
		{679740EE-4AAD-412E-9E14-8796F11C3815}.Release|Any CPU.ActiveCfg = Release|Any CPU
		{679740EE-4AAD-412E-9E14-8796F11C3815}.Release|Any CPU.Build.0 = Release|Any CPU
		{08A32FCF-D410-4240-A7A9-494356CAE1E5}.Debug|Any CPU.ActiveCfg = Debug|Any CPU
		{08A32FCF-D410-4240-A7A9-494356CAE1E5}.Debug|Any CPU.Build.0 = Debug|Any CPU
		{08A32FCF-D410-4240-A7A9-494356CAE1E5}.Release|Any CPU.ActiveCfg = Release|Any CPU
		{08A32FCF-D410-4240-A7A9-494356CAE1E5}.Release|Any CPU.Build.0 = Release|Any CPU
		{7D81CDF9-0A96-4121-A1EC-24A6E33EE6B2}.Debug|Any CPU.ActiveCfg = Debug|Any CPU
		{7D81CDF9-0A96-4121-A1EC-24A6E33EE6B2}.Debug|Any CPU.Build.0 = Debug|Any CPU
		{7D81CDF9-0A96-4121-A1EC-24A6E33EE6B2}.Release|Any CPU.ActiveCfg = Release|Any CPU
		{7D81CDF9-0A96-4121-A1EC-24A6E33EE6B2}.Release|Any CPU.Build.0 = Release|Any CPU
		{515EB3AC-75CC-4511-A331-A545ECB4F3DD}.Debug|Any CPU.ActiveCfg = Debug|Any CPU
		{515EB3AC-75CC-4511-A331-A545ECB4F3DD}.Debug|Any CPU.Build.0 = Debug|Any CPU
		{515EB3AC-75CC-4511-A331-A545ECB4F3DD}.Release|Any CPU.ActiveCfg = Release|Any CPU
		{515EB3AC-75CC-4511-A331-A545ECB4F3DD}.Release|Any CPU.Build.0 = Release|Any CPU
		{0B272328-7B13-41A9-A385-690621B456B3}.Debug|Any CPU.ActiveCfg = Debug|Any CPU
		{0B272328-7B13-41A9-A385-690621B456B3}.Debug|Any CPU.Build.0 = Debug|Any CPU
		{0B272328-7B13-41A9-A385-690621B456B3}.Release|Any CPU.ActiveCfg = Release|Any CPU
		{0B272328-7B13-41A9-A385-690621B456B3}.Release|Any CPU.Build.0 = Release|Any CPU
		{731DDA15-A952-4C3A-A5FE-AEEF2239786A}.Debug|Any CPU.ActiveCfg = Debug|Any CPU
		{731DDA15-A952-4C3A-A5FE-AEEF2239786A}.Debug|Any CPU.Build.0 = Debug|Any CPU
		{731DDA15-A952-4C3A-A5FE-AEEF2239786A}.Release|Any CPU.ActiveCfg = Release|Any CPU
		{731DDA15-A952-4C3A-A5FE-AEEF2239786A}.Release|Any CPU.Build.0 = Release|Any CPU
		{6C545ECB-E3E3-495F-AE2D-80362E48CB01}.Debug|Any CPU.ActiveCfg = Debug|Any CPU
		{6C545ECB-E3E3-495F-AE2D-80362E48CB01}.Debug|Any CPU.Build.0 = Debug|Any CPU
		{6C545ECB-E3E3-495F-AE2D-80362E48CB01}.Release|Any CPU.ActiveCfg = Release|Any CPU
		{6C545ECB-E3E3-495F-AE2D-80362E48CB01}.Release|Any CPU.Build.0 = Release|Any CPU
		{BB81F4C2-FFF7-4225-9F5C-AFA6DD8FBF28}.Debug|Any CPU.ActiveCfg = Debug|Any CPU
		{BB81F4C2-FFF7-4225-9F5C-AFA6DD8FBF28}.Debug|Any CPU.Build.0 = Debug|Any CPU
		{BB81F4C2-FFF7-4225-9F5C-AFA6DD8FBF28}.Release|Any CPU.ActiveCfg = Release|Any CPU
		{BB81F4C2-FFF7-4225-9F5C-AFA6DD8FBF28}.Release|Any CPU.Build.0 = Release|Any CPU
		{4E4C0A58-B53B-448F-9E4C-4F031393388A}.Debug|Any CPU.ActiveCfg = Debug|Any CPU
		{4E4C0A58-B53B-448F-9E4C-4F031393388A}.Debug|Any CPU.Build.0 = Debug|Any CPU
		{4E4C0A58-B53B-448F-9E4C-4F031393388A}.Release|Any CPU.ActiveCfg = Release|Any CPU
		{4E4C0A58-B53B-448F-9E4C-4F031393388A}.Release|Any CPU.Build.0 = Release|Any CPU
		{1CF97204-39C7-48BB-98BF-CA8F3CEC1C7F}.Debug|Any CPU.ActiveCfg = Debug|Any CPU
		{1CF97204-39C7-48BB-98BF-CA8F3CEC1C7F}.Debug|Any CPU.Build.0 = Debug|Any CPU
		{1CF97204-39C7-48BB-98BF-CA8F3CEC1C7F}.Release|Any CPU.ActiveCfg = Release|Any CPU
		{1CF97204-39C7-48BB-98BF-CA8F3CEC1C7F}.Release|Any CPU.Build.0 = Release|Any CPU
		{D36AE2EB-8B75-4686-8F72-082EF4A82231}.Debug|Any CPU.ActiveCfg = Debug|Any CPU
		{D36AE2EB-8B75-4686-8F72-082EF4A82231}.Debug|Any CPU.Build.0 = Debug|Any CPU
		{D36AE2EB-8B75-4686-8F72-082EF4A82231}.Release|Any CPU.ActiveCfg = Release|Any CPU
		{D36AE2EB-8B75-4686-8F72-082EF4A82231}.Release|Any CPU.Build.0 = Release|Any CPU
		{23CE1B20-6733-4F16-ACD4-176BBAEC5559}.Debug|Any CPU.ActiveCfg = Debug|Any CPU
		{23CE1B20-6733-4F16-ACD4-176BBAEC5559}.Debug|Any CPU.Build.0 = Debug|Any CPU
		{23CE1B20-6733-4F16-ACD4-176BBAEC5559}.Release|Any CPU.ActiveCfg = Release|Any CPU
		{23CE1B20-6733-4F16-ACD4-176BBAEC5559}.Release|Any CPU.Build.0 = Release|Any CPU
		{1010E153-3915-4875-92E9-C4A263E9A79A}.Debug|Any CPU.ActiveCfg = Debug|Any CPU
		{1010E153-3915-4875-92E9-C4A263E9A79A}.Debug|Any CPU.Build.0 = Debug|Any CPU
		{1010E153-3915-4875-92E9-C4A263E9A79A}.Release|Any CPU.ActiveCfg = Release|Any CPU
		{1010E153-3915-4875-92E9-C4A263E9A79A}.Release|Any CPU.Build.0 = Release|Any CPU
	EndGlobalSection
	GlobalSection(SolutionProperties) = preSolution
		HideSolutionNode = FALSE
	EndGlobalSection
EndGlobal
